// !$*UTF8*$!
{
	archiveVersion = 1;
	classes = {
	};
	objectVersion = 56;
	objects = {

/* Begin PBXBuildFile section */
		045DB7B32B2057A300AB8623 /* AppDelegate.swift in Sources */ = {isa = PBXBuildFile; fileRef = 045DB7B22B2057A300AB8623 /* AppDelegate.swift */; };
		045DB7B72B2057A300AB8623 /* ViewController2.swift in Sources */ = {isa = PBXBuildFile; fileRef = 045DB7B62B2057A300AB8623 /* ViewController2.swift */; };
		045DB7BA2B2057A300AB8623 /* Main.storyboard in Resources */ = {isa = PBXBuildFile; fileRef = 045DB7B82B2057A300AB8623 /* Main.storyboard */; };
		045DB7BC2B2057A300AB8623 /* Assets.xcassets in Resources */ = {isa = PBXBuildFile; fileRef = 045DB7BB2B2057A300AB8623 /* Assets.xcassets */; };
		045DB7BF2B2057A300AB8623 /* LaunchScreen.storyboard in Resources */ = {isa = PBXBuildFile; fileRef = 045DB7BD2B2057A300AB8623 /* LaunchScreen.storyboard */; };
		04C55BC82B22CAB2000799A7 /* NavigationBarVisibilityManager.swift in Sources */ = {isa = PBXBuildFile; fileRef = 04C55BC72B22CAB2000799A7 /* NavigationBarVisibilityManager.swift */; };
		04C55BCA2B22CB36000799A7 /* TabBarAppearanceManager.swift in Sources */ = {isa = PBXBuildFile; fileRef = 04C55BC92B22CB36000799A7 /* TabBarAppearanceManager.swift */; };
		04C55BCC2B22CE59000799A7 /* TabBarControllerConfigurator.swift in Sources */ = {isa = PBXBuildFile; fileRef = 04C55BCB2B22CE59000799A7 /* TabBarControllerConfigurator.swift */; };
		04C55BCE2B22CF27000799A7 /* CustomTabBarViewHandler.swift in Sources */ = {isa = PBXBuildFile; fileRef = 04C55BCD2B22CF27000799A7 /* CustomTabBarViewHandler.swift */; };
		04C55BD02B22D279000799A7 /* NavigationBarAppearanceManager.swift in Sources */ = {isa = PBXBuildFile; fileRef = 04C55BCF2B22D279000799A7 /* NavigationBarAppearanceManager.swift */; };
		04C55BD22B22D61D000799A7 /* TabBarViewControllerDependencies.swift in Sources */ = {isa = PBXBuildFile; fileRef = 04C55BD12B22D61D000799A7 /* TabBarViewControllerDependencies.swift */; };
		04C8FD652B21700000944FF6 /* Lesson.swift in Sources */ = {isa = PBXBuildFile; fileRef = 04C8FD642B21700000944FF6 /* Lesson.swift */; };
		04C8FD6A2B2170A700944FF6 /* LessonRepository.swift in Sources */ = {isa = PBXBuildFile; fileRef = 04C8FD692B2170A700944FF6 /* LessonRepository.swift */; };
		04C8FD6C2B21771400944FF6 /* AlertConfig.swift in Sources */ = {isa = PBXBuildFile; fileRef = 04C8FD6B2B21771400944FF6 /* AlertConfig.swift */; };
		04C8FD6E2B21785700944FF6 /* FileStorage.swift in Sources */ = {isa = PBXBuildFile; fileRef = 04C8FD6D2B21785700944FF6 /* FileStorage.swift */; };
		04C8FD732B21817800944FF6 /* SplashViewController.swift in Sources */ = {isa = PBXBuildFile; fileRef = 04C8FD722B21817800944FF6 /* SplashViewController.swift */; };
		04C8FD752B2183E600944FF6 /* ViewController.swift in Sources */ = {isa = PBXBuildFile; fileRef = 04C8FD742B2183E600944FF6 /* ViewController.swift */; };
		04C8FD772B21A42000944FF6 /* ViewModel.swift in Sources */ = {isa = PBXBuildFile; fileRef = 04C8FD762B21A42000944FF6 /* ViewModel.swift */; };
		04C8FD7A2B21A49000944FF6 /* SplashViewModel.swift in Sources */ = {isa = PBXBuildFile; fileRef = 04C8FD792B21A49000944FF6 /* SplashViewModel.swift */; };
		04C8FD7D2B21A5AB00944FF6 /* UIColor+AppColors.swift in Sources */ = {isa = PBXBuildFile; fileRef = 04C8FD7C2B21A5AB00944FF6 /* UIColor+AppColors.swift */; };
		04C8FD7F2B21ADF900944FF6 /* SceneDelegate.swift in Sources */ = {isa = PBXBuildFile; fileRef = 04C8FD7E2B21ADF900944FF6 /* SceneDelegate.swift */; };
		04C8FD812B21B7A000944FF6 /* UIView+Extensions.swift in Sources */ = {isa = PBXBuildFile; fileRef = 04C8FD802B21B7A000944FF6 /* UIView+Extensions.swift */; };
		04C8FD832B21BB9A00944FF6 /* TabBarViewController.swift in Sources */ = {isa = PBXBuildFile; fileRef = 04C8FD822B21BB9900944FF6 /* TabBarViewController.swift */; };
		04C8FD852B21BBD300944FF6 /* HomeViewController.swift in Sources */ = {isa = PBXBuildFile; fileRef = 04C8FD842B21BBD300944FF6 /* HomeViewController.swift */; };
		04C8FD872B21BBD900944FF6 /* HomeViewModel.swift in Sources */ = {isa = PBXBuildFile; fileRef = 04C8FD862B21BBD900944FF6 /* HomeViewModel.swift */; };
		04C8FD932B21BC1E00944FF6 /* HistoryViewModel.swift in Sources */ = {isa = PBXBuildFile; fileRef = 04C8FD8B2B21BC1E00944FF6 /* HistoryViewModel.swift */; };
		04C8FD942B21BC1E00944FF6 /* HistoryViewController.swift in Sources */ = {isa = PBXBuildFile; fileRef = 04C8FD8C2B21BC1E00944FF6 /* HistoryViewController.swift */; };
		04C8FD972B21BC1E00944FF6 /* SettingsViewModel.swift in Sources */ = {isa = PBXBuildFile; fileRef = 04C8FD912B21BC1E00944FF6 /* SettingsViewModel.swift */; };
		04C8FD982B21BC1E00944FF6 /* SettingsViewController.swift in Sources */ = {isa = PBXBuildFile; fileRef = 04C8FD922B21BC1E00944FF6 /* SettingsViewController.swift */; };
		04C8FD9B2B21C13B00944FF6 /* Observable+Extensions.swift in Sources */ = {isa = PBXBuildFile; fileRef = 04C8FD9A2B21C13B00944FF6 /* Observable+Extensions.swift */; };
		04C8FD9D2B21C1A600944FF6 /* BindingOperators.swift in Sources */ = {isa = PBXBuildFile; fileRef = 04C8FD9C2B21C1A600944FF6 /* BindingOperators.swift */; };
		04D9B0662B205B3200A56DC3 /* GoogleService-Info.plist in Resources */ = {isa = PBXBuildFile; fileRef = 04D9B0652B205B3200A56DC3 /* GoogleService-Info.plist */; };
		04D9B06B2B20607700A56DC3 /* demo1.m4a in Resources */ = {isa = PBXBuildFile; fileRef = 04D9B0692B205BD700A56DC3 /* demo1.m4a */; };
		04D9B06E2B20753D00A56DC3 /* AudioRecorder.swift in Sources */ = {isa = PBXBuildFile; fileRef = 04D9B06D2B20753D00A56DC3 /* AudioRecorder.swift */; };
		04D9B0702B20776900A56DC3 /* PermissionManager.swift in Sources */ = {isa = PBXBuildFile; fileRef = 04D9B06F2B20776900A56DC3 /* PermissionManager.swift */; };
		04D9B0722B2077E000A56DC3 /* AppManager.swift in Sources */ = {isa = PBXBuildFile; fileRef = 04D9B0712B2077E000A56DC3 /* AppManager.swift */; };
		04D9B0742B20798700A56DC3 /* AlertPresenter.swift in Sources */ = {isa = PBXBuildFile; fileRef = 04D9B0732B20798700A56DC3 /* AlertPresenter.swift */; };
		04D9B0772B207ACF00A56DC3 /* String+Localized.swift in Sources */ = {isa = PBXBuildFile; fileRef = 04D9B0762B207ACF00A56DC3 /* String+Localized.swift */; };
		04ECC2692B39262A0024D3FA /* LessonTileCollectionCell.swift in Sources */ = {isa = PBXBuildFile; fileRef = 04ECC2682B39262A0024D3FA /* LessonTileCollectionCell.swift */; };
		04ECC26B2B39269F0024D3FA /* CollectionViewCell.swift in Sources */ = {isa = PBXBuildFile; fileRef = 04ECC26A2B39269F0024D3FA /* CollectionViewCell.swift */; };
		04ECC26E2B3927330024D3FA /* LabelBuilder.swift in Sources */ = {isa = PBXBuildFile; fileRef = 04ECC26D2B3927330024D3FA /* LabelBuilder.swift */; };
		04ECC2702B3928500024D3FA /* StackViewBuilder.swift in Sources */ = {isa = PBXBuildFile; fileRef = 04ECC26F2B3928500024D3FA /* StackViewBuilder.swift */; };
		04ECC2722B3929940024D3FA /* CollectionViewBuilder.swift in Sources */ = {isa = PBXBuildFile; fileRef = 04ECC2712B3929940024D3FA /* CollectionViewBuilder.swift */; };
		04ECC2742B392BFA0024D3FA /* Collection+Extensions.swift in Sources */ = {isa = PBXBuildFile; fileRef = 04ECC2732B392BFA0024D3FA /* Collection+Extensions.swift */; };
		04ECC2762B392EDE0024D3FA /* ALError.swift in Sources */ = {isa = PBXBuildFile; fileRef = 04ECC2752B392EDE0024D3FA /* ALError.swift */; };
		04ECC2782B3930A20024D3FA /* ErrorTracker.swift in Sources */ = {isa = PBXBuildFile; fileRef = 04ECC2772B3930A20024D3FA /* ErrorTracker.swift */; };
		04ECC27A2B393A0D0024D3FA /* ScrollViewBuilder.swift in Sources */ = {isa = PBXBuildFile; fileRef = 04ECC2792B393A0D0024D3FA /* ScrollViewBuilder.swift */; };
		04ECC27C2B393C460024D3FA /* ViewBuilder.swift in Sources */ = {isa = PBXBuildFile; fileRef = 04ECC27B2B393C460024D3FA /* ViewBuilder.swift */; };
		04ECC27E2B393DE50024D3FA /* TextViewBuilder.swift in Sources */ = {isa = PBXBuildFile; fileRef = 04ECC27D2B393DE50024D3FA /* TextViewBuilder.swift */; };
		04ECC2802B393E780024D3FA /* UIBuilder.swift in Sources */ = {isa = PBXBuildFile; fileRef = 04ECC27F2B393E780024D3FA /* UIBuilder.swift */; };
		04ECC2822B395B550024D3FA /* ButtonBuilder.swift in Sources */ = {isa = PBXBuildFile; fileRef = 04ECC2812B395B550024D3FA /* ButtonBuilder.swift */; };
		04ECC2842B39695D0024D3FA /* TextToSpeech.swift in Sources */ = {isa = PBXBuildFile; fileRef = 04ECC2832B39695D0024D3FA /* TextToSpeech.swift */; };
		4A5EBC002B38272F0083B930 /* lessons.json in Resources */ = {isa = PBXBuildFile; fileRef = 4A5EBBFF2B38272F0083B930 /* lessons.json */; };
		4A5EBC022B3828680083B930 /* Logger.swift in Sources */ = {isa = PBXBuildFile; fileRef = 4A5EBC012B3828680083B930 /* Logger.swift */; };
		4EB75EFF5093A9C7619B5AAC /* Pods_ArticuLearn.framework in Frameworks */ = {isa = PBXBuildFile; fileRef = 3DD115287216F019DA2C2C49 /* Pods_ArticuLearn.framework */; };
/* End PBXBuildFile section */

/* Begin PBXFileReference section */
		045DB7AF2B2057A300AB8623 /* ArticuLearn.app */ = {isa = PBXFileReference; explicitFileType = wrapper.application; includeInIndex = 0; path = ArticuLearn.app; sourceTree = BUILT_PRODUCTS_DIR; };
		045DB7B22B2057A300AB8623 /* AppDelegate.swift */ = {isa = PBXFileReference; lastKnownFileType = sourcecode.swift; path = AppDelegate.swift; sourceTree = "<group>"; };
		045DB7B62B2057A300AB8623 /* ViewController2.swift */ = {isa = PBXFileReference; lastKnownFileType = sourcecode.swift; path = ViewController2.swift; sourceTree = "<group>"; };
		045DB7B92B2057A300AB8623 /* Base */ = {isa = PBXFileReference; lastKnownFileType = file.storyboard; name = Base; path = Base.lproj/Main.storyboard; sourceTree = "<group>"; };
		045DB7BB2B2057A300AB8623 /* Assets.xcassets */ = {isa = PBXFileReference; lastKnownFileType = folder.assetcatalog; path = Assets.xcassets; sourceTree = "<group>"; };
		045DB7BE2B2057A300AB8623 /* Base */ = {isa = PBXFileReference; lastKnownFileType = file.storyboard; name = Base; path = Base.lproj/LaunchScreen.storyboard; sourceTree = "<group>"; };
		045DB7C02B2057A300AB8623 /* Info.plist */ = {isa = PBXFileReference; lastKnownFileType = text.plist.xml; path = Info.plist; sourceTree = "<group>"; };
		04C55BC72B22CAB2000799A7 /* NavigationBarVisibilityManager.swift */ = {isa = PBXFileReference; lastKnownFileType = sourcecode.swift; path = NavigationBarVisibilityManager.swift; sourceTree = "<group>"; };
		04C55BC92B22CB36000799A7 /* TabBarAppearanceManager.swift */ = {isa = PBXFileReference; lastKnownFileType = sourcecode.swift; path = TabBarAppearanceManager.swift; sourceTree = "<group>"; };
		04C55BCB2B22CE59000799A7 /* TabBarControllerConfigurator.swift */ = {isa = PBXFileReference; lastKnownFileType = sourcecode.swift; path = TabBarControllerConfigurator.swift; sourceTree = "<group>"; };
		04C55BCD2B22CF27000799A7 /* CustomTabBarViewHandler.swift */ = {isa = PBXFileReference; lastKnownFileType = sourcecode.swift; path = CustomTabBarViewHandler.swift; sourceTree = "<group>"; };
		04C55BCF2B22D279000799A7 /* NavigationBarAppearanceManager.swift */ = {isa = PBXFileReference; lastKnownFileType = sourcecode.swift; path = NavigationBarAppearanceManager.swift; sourceTree = "<group>"; };
		04C55BD12B22D61D000799A7 /* TabBarViewControllerDependencies.swift */ = {isa = PBXFileReference; lastKnownFileType = sourcecode.swift; path = TabBarViewControllerDependencies.swift; sourceTree = "<group>"; };
		04C8FD642B21700000944FF6 /* Lesson.swift */ = {isa = PBXFileReference; lastKnownFileType = sourcecode.swift; path = Lesson.swift; sourceTree = "<group>"; };
		04C8FD692B2170A700944FF6 /* LessonRepository.swift */ = {isa = PBXFileReference; lastKnownFileType = sourcecode.swift; path = LessonRepository.swift; sourceTree = "<group>"; };
		04C8FD6B2B21771400944FF6 /* AlertConfig.swift */ = {isa = PBXFileReference; lastKnownFileType = sourcecode.swift; path = AlertConfig.swift; sourceTree = "<group>"; };
		04C8FD6D2B21785700944FF6 /* FileStorage.swift */ = {isa = PBXFileReference; lastKnownFileType = sourcecode.swift; path = FileStorage.swift; sourceTree = "<group>"; };
		04C8FD722B21817800944FF6 /* SplashViewController.swift */ = {isa = PBXFileReference; lastKnownFileType = sourcecode.swift; path = SplashViewController.swift; sourceTree = "<group>"; };
		04C8FD742B2183E600944FF6 /* ViewController.swift */ = {isa = PBXFileReference; lastKnownFileType = sourcecode.swift; path = ViewController.swift; sourceTree = "<group>"; };
		04C8FD762B21A42000944FF6 /* ViewModel.swift */ = {isa = PBXFileReference; lastKnownFileType = sourcecode.swift; path = ViewModel.swift; sourceTree = "<group>"; };
		04C8FD792B21A49000944FF6 /* SplashViewModel.swift */ = {isa = PBXFileReference; lastKnownFileType = sourcecode.swift; path = SplashViewModel.swift; sourceTree = "<group>"; };
		04C8FD7C2B21A5AB00944FF6 /* UIColor+AppColors.swift */ = {isa = PBXFileReference; lastKnownFileType = sourcecode.swift; path = "UIColor+AppColors.swift"; sourceTree = "<group>"; };
		04C8FD7E2B21ADF900944FF6 /* SceneDelegate.swift */ = {isa = PBXFileReference; lastKnownFileType = sourcecode.swift; path = SceneDelegate.swift; sourceTree = "<group>"; };
		04C8FD802B21B7A000944FF6 /* UIView+Extensions.swift */ = {isa = PBXFileReference; lastKnownFileType = sourcecode.swift; path = "UIView+Extensions.swift"; sourceTree = "<group>"; };
		04C8FD822B21BB9900944FF6 /* TabBarViewController.swift */ = {isa = PBXFileReference; lastKnownFileType = sourcecode.swift; path = TabBarViewController.swift; sourceTree = "<group>"; };
		04C8FD842B21BBD300944FF6 /* HomeViewController.swift */ = {isa = PBXFileReference; lastKnownFileType = sourcecode.swift; path = HomeViewController.swift; sourceTree = "<group>"; };
		04C8FD862B21BBD900944FF6 /* HomeViewModel.swift */ = {isa = PBXFileReference; lastKnownFileType = sourcecode.swift; path = HomeViewModel.swift; sourceTree = "<group>"; };
		04C8FD8B2B21BC1E00944FF6 /* HistoryViewModel.swift */ = {isa = PBXFileReference; fileEncoding = 4; lastKnownFileType = sourcecode.swift; path = HistoryViewModel.swift; sourceTree = "<group>"; };
		04C8FD8C2B21BC1E00944FF6 /* HistoryViewController.swift */ = {isa = PBXFileReference; fileEncoding = 4; lastKnownFileType = sourcecode.swift; path = HistoryViewController.swift; sourceTree = "<group>"; };
		04C8FD912B21BC1E00944FF6 /* SettingsViewModel.swift */ = {isa = PBXFileReference; fileEncoding = 4; lastKnownFileType = sourcecode.swift; path = SettingsViewModel.swift; sourceTree = "<group>"; };
		04C8FD922B21BC1E00944FF6 /* SettingsViewController.swift */ = {isa = PBXFileReference; fileEncoding = 4; lastKnownFileType = sourcecode.swift; path = SettingsViewController.swift; sourceTree = "<group>"; };
		04C8FD9A2B21C13B00944FF6 /* Observable+Extensions.swift */ = {isa = PBXFileReference; lastKnownFileType = sourcecode.swift; path = "Observable+Extensions.swift"; sourceTree = "<group>"; };
		04C8FD9C2B21C1A600944FF6 /* BindingOperators.swift */ = {isa = PBXFileReference; lastKnownFileType = sourcecode.swift; path = BindingOperators.swift; sourceTree = "<group>"; };
		04D9B0652B205B3200A56DC3 /* GoogleService-Info.plist */ = {isa = PBXFileReference; fileEncoding = 4; lastKnownFileType = text.plist.xml; path = "GoogleService-Info.plist"; sourceTree = "<group>"; };
		04D9B0692B205BD700A56DC3 /* demo1.m4a */ = {isa = PBXFileReference; lastKnownFileType = file; path = demo1.m4a; sourceTree = "<group>"; };
		04D9B06D2B20753D00A56DC3 /* AudioRecorder.swift */ = {isa = PBXFileReference; lastKnownFileType = sourcecode.swift; path = AudioRecorder.swift; sourceTree = "<group>"; };
		04D9B06F2B20776900A56DC3 /* PermissionManager.swift */ = {isa = PBXFileReference; lastKnownFileType = sourcecode.swift; path = PermissionManager.swift; sourceTree = "<group>"; };
		04D9B0712B2077E000A56DC3 /* AppManager.swift */ = {isa = PBXFileReference; lastKnownFileType = sourcecode.swift; path = AppManager.swift; sourceTree = "<group>"; };
		04D9B0732B20798700A56DC3 /* AlertPresenter.swift */ = {isa = PBXFileReference; lastKnownFileType = sourcecode.swift; path = AlertPresenter.swift; sourceTree = "<group>"; };
		04D9B0762B207ACF00A56DC3 /* String+Localized.swift */ = {isa = PBXFileReference; lastKnownFileType = sourcecode.swift; path = "String+Localized.swift"; sourceTree = "<group>"; };
		04ECC2682B39262A0024D3FA /* LessonTileCollectionCell.swift */ = {isa = PBXFileReference; lastKnownFileType = sourcecode.swift; path = LessonTileCollectionCell.swift; sourceTree = "<group>"; };
		04ECC26A2B39269F0024D3FA /* CollectionViewCell.swift */ = {isa = PBXFileReference; lastKnownFileType = sourcecode.swift; path = CollectionViewCell.swift; sourceTree = "<group>"; };
		04ECC26D2B3927330024D3FA /* LabelBuilder.swift */ = {isa = PBXFileReference; lastKnownFileType = sourcecode.swift; path = LabelBuilder.swift; sourceTree = "<group>"; };
		04ECC26F2B3928500024D3FA /* StackViewBuilder.swift */ = {isa = PBXFileReference; lastKnownFileType = sourcecode.swift; path = StackViewBuilder.swift; sourceTree = "<group>"; };
		04ECC2712B3929940024D3FA /* CollectionViewBuilder.swift */ = {isa = PBXFileReference; lastKnownFileType = sourcecode.swift; path = CollectionViewBuilder.swift; sourceTree = "<group>"; };
		04ECC2732B392BFA0024D3FA /* Collection+Extensions.swift */ = {isa = PBXFileReference; lastKnownFileType = sourcecode.swift; path = "Collection+Extensions.swift"; sourceTree = "<group>"; };
		04ECC2752B392EDE0024D3FA /* ALError.swift */ = {isa = PBXFileReference; lastKnownFileType = sourcecode.swift; path = ALError.swift; sourceTree = "<group>"; };
		04ECC2772B3930A20024D3FA /* ErrorTracker.swift */ = {isa = PBXFileReference; lastKnownFileType = sourcecode.swift; path = ErrorTracker.swift; sourceTree = "<group>"; };
		04ECC2792B393A0D0024D3FA /* ScrollViewBuilder.swift */ = {isa = PBXFileReference; lastKnownFileType = sourcecode.swift; path = ScrollViewBuilder.swift; sourceTree = "<group>"; };
		04ECC27B2B393C460024D3FA /* ViewBuilder.swift */ = {isa = PBXFileReference; lastKnownFileType = sourcecode.swift; path = ViewBuilder.swift; sourceTree = "<group>"; };
		04ECC27D2B393DE50024D3FA /* TextViewBuilder.swift */ = {isa = PBXFileReference; lastKnownFileType = sourcecode.swift; path = TextViewBuilder.swift; sourceTree = "<group>"; };
		04ECC27F2B393E780024D3FA /* UIBuilder.swift */ = {isa = PBXFileReference; lastKnownFileType = sourcecode.swift; path = UIBuilder.swift; sourceTree = "<group>"; };
		04ECC2812B395B550024D3FA /* ButtonBuilder.swift */ = {isa = PBXFileReference; lastKnownFileType = sourcecode.swift; path = ButtonBuilder.swift; sourceTree = "<group>"; };
		04ECC2832B39695D0024D3FA /* TextToSpeech.swift */ = {isa = PBXFileReference; lastKnownFileType = sourcecode.swift; path = TextToSpeech.swift; sourceTree = "<group>"; };
		27159799F7BC29FB9ACF2B43 /* Pods-ArticuLearn.release.xcconfig */ = {isa = PBXFileReference; includeInIndex = 1; lastKnownFileType = text.xcconfig; name = "Pods-ArticuLearn.release.xcconfig"; path = "Target Support Files/Pods-ArticuLearn/Pods-ArticuLearn.release.xcconfig"; sourceTree = "<group>"; };
		3DD115287216F019DA2C2C49 /* Pods_ArticuLearn.framework */ = {isa = PBXFileReference; explicitFileType = wrapper.framework; includeInIndex = 0; path = Pods_ArticuLearn.framework; sourceTree = BUILT_PRODUCTS_DIR; };
		4A5EBBFF2B38272F0083B930 /* lessons.json */ = {isa = PBXFileReference; fileEncoding = 4; lastKnownFileType = text.json; path = lessons.json; sourceTree = "<group>"; };
		4A5EBC012B3828680083B930 /* Logger.swift */ = {isa = PBXFileReference; lastKnownFileType = sourcecode.swift; path = Logger.swift; sourceTree = "<group>"; };
		F4C55D4F45467EE8EE23FF63 /* Pods-ArticuLearn.debug.xcconfig */ = {isa = PBXFileReference; includeInIndex = 1; lastKnownFileType = text.xcconfig; name = "Pods-ArticuLearn.debug.xcconfig"; path = "Target Support Files/Pods-ArticuLearn/Pods-ArticuLearn.debug.xcconfig"; sourceTree = "<group>"; };
/* End PBXFileReference section */

/* Begin PBXFrameworksBuildPhase section */
		045DB7AC2B2057A300AB8623 /* Frameworks */ = {
			isa = PBXFrameworksBuildPhase;
			buildActionMask = 2147483647;
			files = (
				4EB75EFF5093A9C7619B5AAC /* Pods_ArticuLearn.framework in Frameworks */,
			);
			runOnlyForDeploymentPostprocessing = 0;
		};
/* End PBXFrameworksBuildPhase section */

/* Begin PBXGroup section */
		045DB7A62B2057A200AB8623 = {
			isa = PBXGroup;
			children = (
				045DB7B12B2057A300AB8623 /* ArticuLearn */,
				045DB7B02B2057A300AB8623 /* Products */,
				9A84167633C927950AF37B58 /* Pods */,
				BA78A612F40BD4A8172C461B /* Frameworks */,
			);
			sourceTree = "<group>";
		};
		045DB7B02B2057A300AB8623 /* Products */ = {
			isa = PBXGroup;
			children = (
				045DB7AF2B2057A300AB8623 /* ArticuLearn.app */,
			);
			name = Products;
			sourceTree = "<group>";
		};
		045DB7B12B2057A300AB8623 /* ArticuLearn */ = {
			isa = PBXGroup;
			children = (
				04ECC26C2B3927270024D3FA /* Builders */,
				04ECC2672B3926070024D3FA /* Cells */,
				4A5EBBFE2B3826B10083B930 /* Data */,
				04C8FD712B21809A00944FF6 /* ViewControllers */,
				04C8FD682B21709400944FF6 /* Repositories */,
				04C8FD632B216FBE00944FF6 /* Models */,
				04D9B0752B207AB900A56DC3 /* Extensions */,
				04D9B06C2B20753500A56DC3 /* Utilities */,
				04D9B0682B205B5C00A56DC3 /* Resources */,
				04D9B0672B205B3C00A56DC3 /* App */,
				04D9B0642B205B2100A56DC3 /* Supporting Files */,
				045DB7B62B2057A300AB8623 /* ViewController2.swift */,
				045DB7B82B2057A300AB8623 /* Main.storyboard */,
			);
			path = ArticuLearn;
			sourceTree = "<group>";
		};
		04C8FD632B216FBE00944FF6 /* Models */ = {
			isa = PBXGroup;
			children = (
				04C8FD642B21700000944FF6 /* Lesson.swift */,
				04C8FD6B2B21771400944FF6 /* AlertConfig.swift */,
				04ECC2752B392EDE0024D3FA /* ALError.swift */,
			);
			path = Models;
			sourceTree = "<group>";
		};
		04C8FD682B21709400944FF6 /* Repositories */ = {
			isa = PBXGroup;
			children = (
				04C8FD692B2170A700944FF6 /* LessonRepository.swift */,
			);
			path = Repositories;
			sourceTree = "<group>";
		};
		04C8FD712B21809A00944FF6 /* ViewControllers */ = {
			isa = PBXGroup;
			children = (
				04C8FD892B21BBE400944FF6 /* Home */,
				04C8FD8A2B21BC1E00944FF6 /* History */,
				04C8FD902B21BC1E00944FF6 /* Settings */,
				04C8FD7B2B21A49400944FF6 /* Splash */,
				04C8FD782B21A42500944FF6 /* Base */,
				04C8FD992B21BC3600944FF6 /* TabBar */,
			);
			path = ViewControllers;
			sourceTree = "<group>";
		};
		04C8FD782B21A42500944FF6 /* Base */ = {
			isa = PBXGroup;
			children = (
				04C8FD742B2183E600944FF6 /* ViewController.swift */,
				04C8FD762B21A42000944FF6 /* ViewModel.swift */,
			);
			path = Base;
			sourceTree = "<group>";
		};
		04C8FD7B2B21A49400944FF6 /* Splash */ = {
			isa = PBXGroup;
			children = (
				04C8FD722B21817800944FF6 /* SplashViewController.swift */,
				04C8FD792B21A49000944FF6 /* SplashViewModel.swift */,
			);
			path = Splash;
			sourceTree = "<group>";
		};
		04C8FD892B21BBE400944FF6 /* Home */ = {
			isa = PBXGroup;
			children = (
				04C8FD842B21BBD300944FF6 /* HomeViewController.swift */,
				04C8FD862B21BBD900944FF6 /* HomeViewModel.swift */,
			);
			path = Home;
			sourceTree = "<group>";
		};
		04C8FD8A2B21BC1E00944FF6 /* History */ = {
			isa = PBXGroup;
			children = (
				04C8FD8B2B21BC1E00944FF6 /* HistoryViewModel.swift */,
				04C8FD8C2B21BC1E00944FF6 /* HistoryViewController.swift */,
			);
			path = History;
			sourceTree = "<group>";
		};
		04C8FD902B21BC1E00944FF6 /* Settings */ = {
			isa = PBXGroup;
			children = (
				04C8FD912B21BC1E00944FF6 /* SettingsViewModel.swift */,
				04C8FD922B21BC1E00944FF6 /* SettingsViewController.swift */,
			);
			path = Settings;
			sourceTree = "<group>";
		};
		04C8FD992B21BC3600944FF6 /* TabBar */ = {
			isa = PBXGroup;
			children = (
				04C55BC92B22CB36000799A7 /* TabBarAppearanceManager.swift */,
				04C8FD822B21BB9900944FF6 /* TabBarViewController.swift */,
				04C55BCB2B22CE59000799A7 /* TabBarControllerConfigurator.swift */,
				04C55BCD2B22CF27000799A7 /* CustomTabBarViewHandler.swift */,
				04C55BD12B22D61D000799A7 /* TabBarViewControllerDependencies.swift */,
			);
			path = TabBar;
			sourceTree = "<group>";
		};
		04D9B0642B205B2100A56DC3 /* Supporting Files */ = {
			isa = PBXGroup;
			children = (
				045DB7C02B2057A300AB8623 /* Info.plist */,
				04D9B0652B205B3200A56DC3 /* GoogleService-Info.plist */,
			);
			path = "Supporting Files";
			sourceTree = "<group>";
		};
		04D9B0672B205B3C00A56DC3 /* App */ = {
			isa = PBXGroup;
			children = (
				045DB7BD2B2057A300AB8623 /* LaunchScreen.storyboard */,
				045DB7B22B2057A300AB8623 /* AppDelegate.swift */,
				04C8FD7E2B21ADF900944FF6 /* SceneDelegate.swift */,
			);
			path = App;
			sourceTree = "<group>";
		};
		04D9B0682B205B5C00A56DC3 /* Resources */ = {
			isa = PBXGroup;
			children = (
				04D9B06A2B205BDA00A56DC3 /* Demo audios */,
				045DB7BB2B2057A300AB8623 /* Assets.xcassets */,
			);
			path = Resources;
			sourceTree = "<group>";
		};
		04D9B06A2B205BDA00A56DC3 /* Demo audios */ = {
			isa = PBXGroup;
			children = (
				04D9B0692B205BD700A56DC3 /* demo1.m4a */,
			);
			path = "Demo audios";
			sourceTree = "<group>";
		};
		04D9B06C2B20753500A56DC3 /* Utilities */ = {
			isa = PBXGroup;
			children = (
				04D9B06D2B20753D00A56DC3 /* AudioRecorder.swift */,
				04D9B06F2B20776900A56DC3 /* PermissionManager.swift */,
				04D9B0712B2077E000A56DC3 /* AppManager.swift */,
				04D9B0732B20798700A56DC3 /* AlertPresenter.swift */,
				04C8FD6D2B21785700944FF6 /* FileStorage.swift */,
				04C55BC72B22CAB2000799A7 /* NavigationBarVisibilityManager.swift */,
				04C55BCF2B22D279000799A7 /* NavigationBarAppearanceManager.swift */,
				4A5EBC012B3828680083B930 /* Logger.swift */,
				04ECC2832B39695D0024D3FA /* TextToSpeech.swift */,
			);
			path = Utilities;
			sourceTree = "<group>";
		};
		04D9B0752B207AB900A56DC3 /* Extensions */ = {
			isa = PBXGroup;
			children = (
				04D9B0762B207ACF00A56DC3 /* String+Localized.swift */,
				04C8FD7C2B21A5AB00944FF6 /* UIColor+AppColors.swift */,
				04C8FD802B21B7A000944FF6 /* UIView+Extensions.swift */,
				04C8FD9A2B21C13B00944FF6 /* Observable+Extensions.swift */,
				04C8FD9C2B21C1A600944FF6 /* BindingOperators.swift */,
				04ECC2732B392BFA0024D3FA /* Collection+Extensions.swift */,
				04ECC2772B3930A20024D3FA /* ErrorTracker.swift */,
			);
			path = Extensions;
			sourceTree = "<group>";
		};
		04ECC2672B3926070024D3FA /* Cells */ = {
			isa = PBXGroup;
			children = (
				04ECC2682B39262A0024D3FA /* LessonTileCollectionCell.swift */,
				04ECC26A2B39269F0024D3FA /* CollectionViewCell.swift */,
			);
			path = Cells;
			sourceTree = "<group>";
		};
		04ECC26C2B3927270024D3FA /* Builders */ = {
			isa = PBXGroup;
			children = (
				04ECC26D2B3927330024D3FA /* LabelBuilder.swift */,
				04ECC26F2B3928500024D3FA /* StackViewBuilder.swift */,
				04ECC2712B3929940024D3FA /* CollectionViewBuilder.swift */,
				04ECC2792B393A0D0024D3FA /* ScrollViewBuilder.swift */,
				04ECC27B2B393C460024D3FA /* ViewBuilder.swift */,
				04ECC27D2B393DE50024D3FA /* TextViewBuilder.swift */,
				04ECC27F2B393E780024D3FA /* UIBuilder.swift */,
				04ECC2812B395B550024D3FA /* ButtonBuilder.swift */,
			);
			path = Builders;
			sourceTree = "<group>";
		};
		4A5EBBFE2B3826B10083B930 /* Data */ = {
			isa = PBXGroup;
			children = (
				4A5EBBFF2B38272F0083B930 /* lessons.json */,
			);
			path = Data;
			sourceTree = "<group>";
		};
		9A84167633C927950AF37B58 /* Pods */ = {
			isa = PBXGroup;
			children = (
				F4C55D4F45467EE8EE23FF63 /* Pods-ArticuLearn.debug.xcconfig */,
				27159799F7BC29FB9ACF2B43 /* Pods-ArticuLearn.release.xcconfig */,
			);
			path = Pods;
			sourceTree = "<group>";
		};
		BA78A612F40BD4A8172C461B /* Frameworks */ = {
			isa = PBXGroup;
			children = (
				3DD115287216F019DA2C2C49 /* Pods_ArticuLearn.framework */,
			);
			name = Frameworks;
			sourceTree = "<group>";
		};
/* End PBXGroup section */

/* Begin PBXNativeTarget section */
		045DB7AE2B2057A300AB8623 /* ArticuLearn */ = {
			isa = PBXNativeTarget;
			buildConfigurationList = 045DB7C32B2057A300AB8623 /* Build configuration list for PBXNativeTarget "ArticuLearn" */;
			buildPhases = (
				84845EDFFBE5184938281DA9 /* [CP] Check Pods Manifest.lock */,
				045DB7AB2B2057A300AB8623 /* Sources */,
				045DB7AC2B2057A300AB8623 /* Frameworks */,
				045DB7AD2B2057A300AB8623 /* Resources */,
				02C46F3927211110CB5CF0EA /* [CP] Embed Pods Frameworks */,
				04D9B0632B205ABB00A56DC3 /* FirebaseCrashlytics */,
			);
			buildRules = (
			);
			dependencies = (
			);
			name = ArticuLearn;
			productName = ArticuLearn;
			productReference = 045DB7AF2B2057A300AB8623 /* ArticuLearn.app */;
			productType = "com.apple.product-type.application";
		};
/* End PBXNativeTarget section */

/* Begin PBXProject section */
		045DB7A72B2057A200AB8623 /* Project object */ = {
			isa = PBXProject;
			attributes = {
				BuildIndependentTargetsInParallel = 1;
				LastSwiftUpdateCheck = 1430;
				LastUpgradeCheck = 1430;
				TargetAttributes = {
					045DB7AE2B2057A300AB8623 = {
						CreatedOnToolsVersion = 14.3.1;
					};
				};
			};
			buildConfigurationList = 045DB7AA2B2057A200AB8623 /* Build configuration list for PBXProject "ArticuLearn" */;
			compatibilityVersion = "Xcode 14.0";
			developmentRegion = en;
			hasScannedForEncodings = 0;
			knownRegions = (
				en,
				Base,
			);
			mainGroup = 045DB7A62B2057A200AB8623;
			productRefGroup = 045DB7B02B2057A300AB8623 /* Products */;
			projectDirPath = "";
			projectRoot = "";
			targets = (
				045DB7AE2B2057A300AB8623 /* ArticuLearn */,
			);
		};
/* End PBXProject section */

/* Begin PBXResourcesBuildPhase section */
		045DB7AD2B2057A300AB8623 /* Resources */ = {
			isa = PBXResourcesBuildPhase;
			buildActionMask = 2147483647;
			files = (
				045DB7BF2B2057A300AB8623 /* LaunchScreen.storyboard in Resources */,
				04D9B0662B205B3200A56DC3 /* GoogleService-Info.plist in Resources */,
				04D9B06B2B20607700A56DC3 /* demo1.m4a in Resources */,
				045DB7BC2B2057A300AB8623 /* Assets.xcassets in Resources */,
				045DB7BA2B2057A300AB8623 /* Main.storyboard in Resources */,
				4A5EBC002B38272F0083B930 /* lessons.json in Resources */,
			);
			runOnlyForDeploymentPostprocessing = 0;
		};
/* End PBXResourcesBuildPhase section */

/* Begin PBXShellScriptBuildPhase section */
		02C46F3927211110CB5CF0EA /* [CP] Embed Pods Frameworks */ = {
			isa = PBXShellScriptBuildPhase;
			buildActionMask = 2147483647;
			files = (
			);
			inputFileListPaths = (
				"${PODS_ROOT}/Target Support Files/Pods-ArticuLearn/Pods-ArticuLearn-frameworks-${CONFIGURATION}-input-files.xcfilelist",
			);
			name = "[CP] Embed Pods Frameworks";
			outputFileListPaths = (
				"${PODS_ROOT}/Target Support Files/Pods-ArticuLearn/Pods-ArticuLearn-frameworks-${CONFIGURATION}-output-files.xcfilelist",
			);
			runOnlyForDeploymentPostprocessing = 0;
			shellPath = /bin/sh;
			shellScript = "\"${PODS_ROOT}/Target Support Files/Pods-ArticuLearn/Pods-ArticuLearn-frameworks.sh\"\n";
			showEnvVarsInLog = 0;
		};
		04D9B0632B205ABB00A56DC3 /* FirebaseCrashlytics */ = {
			isa = PBXShellScriptBuildPhase;
			buildActionMask = 2147483647;
			files = (
			);
			inputFileListPaths = (
			);
			inputPaths = (
			);
			name = FirebaseCrashlytics;
			outputFileListPaths = (
			);
			outputPaths = (
			);
			runOnlyForDeploymentPostprocessing = 0;
			shellPath = /bin/sh;
			shellScript = "# Type a script or drag a script file from your workspace to insert its path.\n\"${PODS_ROOT}/FirebaseCrashlytics/run\"\n";
		};
		84845EDFFBE5184938281DA9 /* [CP] Check Pods Manifest.lock */ = {
			isa = PBXShellScriptBuildPhase;
			buildActionMask = 2147483647;
			files = (
			);
			inputFileListPaths = (
			);
			inputPaths = (
				"${PODS_PODFILE_DIR_PATH}/Podfile.lock",
				"${PODS_ROOT}/Manifest.lock",
			);
			name = "[CP] Check Pods Manifest.lock";
			outputFileListPaths = (
			);
			outputPaths = (
				"$(DERIVED_FILE_DIR)/Pods-ArticuLearn-checkManifestLockResult.txt",
			);
			runOnlyForDeploymentPostprocessing = 0;
			shellPath = /bin/sh;
			shellScript = "diff \"${PODS_PODFILE_DIR_PATH}/Podfile.lock\" \"${PODS_ROOT}/Manifest.lock\" > /dev/null\nif [ $? != 0 ] ; then\n    # print error to STDERR\n    echo \"error: The sandbox is not in sync with the Podfile.lock. Run 'pod install' or update your CocoaPods installation.\" >&2\n    exit 1\nfi\n# This output is used by Xcode 'outputs' to avoid re-running this script phase.\necho \"SUCCESS\" > \"${SCRIPT_OUTPUT_FILE_0}\"\n";
			showEnvVarsInLog = 0;
		};
/* End PBXShellScriptBuildPhase section */

/* Begin PBXSourcesBuildPhase section */
		045DB7AB2B2057A300AB8623 /* Sources */ = {
			isa = PBXSourcesBuildPhase;
			buildActionMask = 2147483647;
			files = (
				04C8FD7D2B21A5AB00944FF6 /* UIColor+AppColors.swift in Sources */,
				04C55BC82B22CAB2000799A7 /* NavigationBarVisibilityManager.swift in Sources */,
				04ECC26B2B39269F0024D3FA /* CollectionViewCell.swift in Sources */,
				04C8FD872B21BBD900944FF6 /* HomeViewModel.swift in Sources */,
				045DB7B72B2057A300AB8623 /* ViewController2.swift in Sources */,
				04D9B0742B20798700A56DC3 /* AlertPresenter.swift in Sources */,
				04C8FD932B21BC1E00944FF6 /* HistoryViewModel.swift in Sources */,
				04ECC2782B3930A20024D3FA /* ErrorTracker.swift in Sources */,
				04ECC27A2B393A0D0024D3FA /* ScrollViewBuilder.swift in Sources */,
				04ECC26E2B3927330024D3FA /* LabelBuilder.swift in Sources */,
				04ECC27E2B393DE50024D3FA /* TextViewBuilder.swift in Sources */,
				04ECC27C2B393C460024D3FA /* ViewBuilder.swift in Sources */,
				04D9B0772B207ACF00A56DC3 /* String+Localized.swift in Sources */,
				04ECC2842B39695D0024D3FA /* TextToSpeech.swift in Sources */,
				04C8FD7A2B21A49000944FF6 /* SplashViewModel.swift in Sources */,
				04C8FD9B2B21C13B00944FF6 /* Observable+Extensions.swift in Sources */,
				04C8FD852B21BBD300944FF6 /* HomeViewController.swift in Sources */,
				04C8FD6A2B2170A700944FF6 /* LessonRepository.swift in Sources */,
				04D9B0702B20776900A56DC3 /* PermissionManager.swift in Sources */,
				045DB7B32B2057A300AB8623 /* AppDelegate.swift in Sources */,
				04ECC2822B395B550024D3FA /* ButtonBuilder.swift in Sources */,
				04ECC2722B3929940024D3FA /* CollectionViewBuilder.swift in Sources */,
				04C8FD832B21BB9A00944FF6 /* TabBarViewController.swift in Sources */,
				04C55BD02B22D279000799A7 /* NavigationBarAppearanceManager.swift in Sources */,
				04ECC2762B392EDE0024D3FA /* ALError.swift in Sources */,
				04ECC2802B393E780024D3FA /* UIBuilder.swift in Sources */,
				04C8FD772B21A42000944FF6 /* ViewModel.swift in Sources */,
				04C8FD6E2B21785700944FF6 /* FileStorage.swift in Sources */,
				04C8FD6C2B21771400944FF6 /* AlertConfig.swift in Sources */,
				04C55BCA2B22CB36000799A7 /* TabBarAppearanceManager.swift in Sources */,
				04ECC2692B39262A0024D3FA /* LessonTileCollectionCell.swift in Sources */,
				04C8FD942B21BC1E00944FF6 /* HistoryViewController.swift in Sources */,
				04C8FD7F2B21ADF900944FF6 /* SceneDelegate.swift in Sources */,
				04C8FD812B21B7A000944FF6 /* UIView+Extensions.swift in Sources */,
				04C8FD9D2B21C1A600944FF6 /* BindingOperators.swift in Sources */,
				04C8FD732B21817800944FF6 /* SplashViewController.swift in Sources */,
				04ECC2702B3928500024D3FA /* StackViewBuilder.swift in Sources */,
				04ECC2742B392BFA0024D3FA /* Collection+Extensions.swift in Sources */,
				04D9B0722B2077E000A56DC3 /* AppManager.swift in Sources */,
				4A5EBC022B3828680083B930 /* Logger.swift in Sources */,
				04C55BD22B22D61D000799A7 /* TabBarViewControllerDependencies.swift in Sources */,
				04C55BCE2B22CF27000799A7 /* CustomTabBarViewHandler.swift in Sources */,
				04D9B06E2B20753D00A56DC3 /* AudioRecorder.swift in Sources */,
				04C8FD982B21BC1E00944FF6 /* SettingsViewController.swift in Sources */,
				04C8FD652B21700000944FF6 /* Lesson.swift in Sources */,
				04C8FD752B2183E600944FF6 /* ViewController.swift in Sources */,
				04C55BCC2B22CE59000799A7 /* TabBarControllerConfigurator.swift in Sources */,
				04C8FD972B21BC1E00944FF6 /* SettingsViewModel.swift in Sources */,
			);
			runOnlyForDeploymentPostprocessing = 0;
		};
/* End PBXSourcesBuildPhase section */

/* Begin PBXVariantGroup section */
		045DB7B82B2057A300AB8623 /* Main.storyboard */ = {
			isa = PBXVariantGroup;
			children = (
				045DB7B92B2057A300AB8623 /* Base */,
			);
			name = Main.storyboard;
			sourceTree = "<group>";
		};
		045DB7BD2B2057A300AB8623 /* LaunchScreen.storyboard */ = {
			isa = PBXVariantGroup;
			children = (
				045DB7BE2B2057A300AB8623 /* Base */,
			);
			name = LaunchScreen.storyboard;
			sourceTree = "<group>";
		};
/* End PBXVariantGroup section */

/* Begin XCBuildConfiguration section */
		045DB7C12B2057A300AB8623 /* Debug */ = {
			isa = XCBuildConfiguration;
			buildSettings = {
				ALWAYS_SEARCH_USER_PATHS = NO;
				CLANG_ANALYZER_NONNULL = YES;
				CLANG_ANALYZER_NUMBER_OBJECT_CONVERSION = YES_AGGRESSIVE;
				CLANG_CXX_LANGUAGE_STANDARD = "gnu++20";
				CLANG_ENABLE_MODULES = YES;
				CLANG_ENABLE_OBJC_ARC = YES;
				CLANG_ENABLE_OBJC_WEAK = YES;
				CLANG_WARN_BLOCK_CAPTURE_AUTORELEASING = YES;
				CLANG_WARN_BOOL_CONVERSION = YES;
				CLANG_WARN_COMMA = YES;
				CLANG_WARN_CONSTANT_CONVERSION = YES;
				CLANG_WARN_DEPRECATED_OBJC_IMPLEMENTATIONS = YES;
				CLANG_WARN_DIRECT_OBJC_ISA_USAGE = YES_ERROR;
				CLANG_WARN_DOCUMENTATION_COMMENTS = YES;
				CLANG_WARN_EMPTY_BODY = YES;
				CLANG_WARN_ENUM_CONVERSION = YES;
				CLANG_WARN_INFINITE_RECURSION = YES;
				CLANG_WARN_INT_CONVERSION = YES;
				CLANG_WARN_NON_LITERAL_NULL_CONVERSION = YES;
				CLANG_WARN_OBJC_IMPLICIT_RETAIN_SELF = YES;
				CLANG_WARN_OBJC_LITERAL_CONVERSION = YES;
				CLANG_WARN_OBJC_ROOT_CLASS = YES_ERROR;
				CLANG_WARN_QUOTED_INCLUDE_IN_FRAMEWORK_HEADER = YES;
				CLANG_WARN_RANGE_LOOP_ANALYSIS = YES;
				CLANG_WARN_STRICT_PROTOTYPES = YES;
				CLANG_WARN_SUSPICIOUS_MOVE = YES;
				CLANG_WARN_UNGUARDED_AVAILABILITY = YES_AGGRESSIVE;
				CLANG_WARN_UNREACHABLE_CODE = YES;
				CLANG_WARN__DUPLICATE_METHOD_MATCH = YES;
				COPY_PHASE_STRIP = NO;
				DEBUG_INFORMATION_FORMAT = dwarf;
				ENABLE_STRICT_OBJC_MSGSEND = YES;
				ENABLE_TESTABILITY = YES;
				GCC_C_LANGUAGE_STANDARD = gnu11;
				GCC_DYNAMIC_NO_PIC = NO;
				GCC_NO_COMMON_BLOCKS = YES;
				GCC_OPTIMIZATION_LEVEL = 0;
				GCC_PREPROCESSOR_DEFINITIONS = (
					"DEBUG=1",
					"$(inherited)",
				);
				GCC_WARN_64_TO_32_BIT_CONVERSION = YES;
				GCC_WARN_ABOUT_RETURN_TYPE = YES_ERROR;
				GCC_WARN_UNDECLARED_SELECTOR = YES;
				GCC_WARN_UNINITIALIZED_AUTOS = YES_AGGRESSIVE;
				GCC_WARN_UNUSED_FUNCTION = YES;
				GCC_WARN_UNUSED_VARIABLE = YES;
				IPHONEOS_DEPLOYMENT_TARGET = 16.0;
				MTL_ENABLE_DEBUG_INFO = INCLUDE_SOURCE;
				MTL_FAST_MATH = YES;
				ONLY_ACTIVE_ARCH = YES;
				SDKROOT = iphoneos;
				SWIFT_ACTIVE_COMPILATION_CONDITIONS = DEBUG;
				SWIFT_OPTIMIZATION_LEVEL = "-Onone";
			};
			name = Debug;
		};
		045DB7C22B2057A300AB8623 /* Release */ = {
			isa = XCBuildConfiguration;
			buildSettings = {
				ALWAYS_SEARCH_USER_PATHS = NO;
				CLANG_ANALYZER_NONNULL = YES;
				CLANG_ANALYZER_NUMBER_OBJECT_CONVERSION = YES_AGGRESSIVE;
				CLANG_CXX_LANGUAGE_STANDARD = "gnu++20";
				CLANG_ENABLE_MODULES = YES;
				CLANG_ENABLE_OBJC_ARC = YES;
				CLANG_ENABLE_OBJC_WEAK = YES;
				CLANG_WARN_BLOCK_CAPTURE_AUTORELEASING = YES;
				CLANG_WARN_BOOL_CONVERSION = YES;
				CLANG_WARN_COMMA = YES;
				CLANG_WARN_CONSTANT_CONVERSION = YES;
				CLANG_WARN_DEPRECATED_OBJC_IMPLEMENTATIONS = YES;
				CLANG_WARN_DIRECT_OBJC_ISA_USAGE = YES_ERROR;
				CLANG_WARN_DOCUMENTATION_COMMENTS = YES;
				CLANG_WARN_EMPTY_BODY = YES;
				CLANG_WARN_ENUM_CONVERSION = YES;
				CLANG_WARN_INFINITE_RECURSION = YES;
				CLANG_WARN_INT_CONVERSION = YES;
				CLANG_WARN_NON_LITERAL_NULL_CONVERSION = YES;
				CLANG_WARN_OBJC_IMPLICIT_RETAIN_SELF = YES;
				CLANG_WARN_OBJC_LITERAL_CONVERSION = YES;
				CLANG_WARN_OBJC_ROOT_CLASS = YES_ERROR;
				CLANG_WARN_QUOTED_INCLUDE_IN_FRAMEWORK_HEADER = YES;
				CLANG_WARN_RANGE_LOOP_ANALYSIS = YES;
				CLANG_WARN_STRICT_PROTOTYPES = YES;
				CLANG_WARN_SUSPICIOUS_MOVE = YES;
				CLANG_WARN_UNGUARDED_AVAILABILITY = YES_AGGRESSIVE;
				CLANG_WARN_UNREACHABLE_CODE = YES;
				CLANG_WARN__DUPLICATE_METHOD_MATCH = YES;
				COPY_PHASE_STRIP = NO;
				DEBUG_INFORMATION_FORMAT = "dwarf-with-dsym";
				ENABLE_NS_ASSERTIONS = NO;
				ENABLE_STRICT_OBJC_MSGSEND = YES;
				GCC_C_LANGUAGE_STANDARD = gnu11;
				GCC_NO_COMMON_BLOCKS = YES;
				GCC_WARN_64_TO_32_BIT_CONVERSION = YES;
				GCC_WARN_ABOUT_RETURN_TYPE = YES_ERROR;
				GCC_WARN_UNDECLARED_SELECTOR = YES;
				GCC_WARN_UNINITIALIZED_AUTOS = YES_AGGRESSIVE;
				GCC_WARN_UNUSED_FUNCTION = YES;
				GCC_WARN_UNUSED_VARIABLE = YES;
				IPHONEOS_DEPLOYMENT_TARGET = 16.0;
				MTL_ENABLE_DEBUG_INFO = NO;
				MTL_FAST_MATH = YES;
				SDKROOT = iphoneos;
				SWIFT_COMPILATION_MODE = wholemodule;
				SWIFT_OPTIMIZATION_LEVEL = "-O";
				VALIDATE_PRODUCT = YES;
			};
			name = Release;
		};
		045DB7C42B2057A300AB8623 /* Debug */ = {
			isa = XCBuildConfiguration;
			baseConfigurationReference = F4C55D4F45467EE8EE23FF63 /* Pods-ArticuLearn.debug.xcconfig */;
			buildSettings = {
				ASSETCATALOG_COMPILER_APPICON_NAME = AppIcon;
				ASSETCATALOG_COMPILER_GLOBAL_ACCENT_COLOR_NAME = AccentColor;
				CODE_SIGN_STYLE = Automatic;
				CURRENT_PROJECT_VERSION = 1;
				DEVELOPMENT_TEAM = 4XB4SZ6RM3;
				GENERATE_INFOPLIST_FILE = YES;
				GOOGLE_CLOUD_API_KEY = AIzaSyCVLgo35IMfBLOZ_dcQ75DiXnDmZ8h9CAk;
				INFOPLIST_FILE = "ArticuLearn/Supporting Files/Info.plist";
				INFOPLIST_KEY_UIApplicationSupportsIndirectInputEvents = YES;
				INFOPLIST_KEY_UILaunchStoryboardName = LaunchScreen;
				INFOPLIST_KEY_UIMainStoryboardFile = Main;
				INFOPLIST_KEY_UISupportedInterfaceOrientations = UIInterfaceOrientationPortrait;
				INFOPLIST_KEY_UISupportedInterfaceOrientations_iPad = "UIInterfaceOrientationLandscapeLeft UIInterfaceOrientationLandscapeRight UIInterfaceOrientationPortrait UIInterfaceOrientationPortraitUpsideDown";
				IPHONEOS_DEPLOYMENT_TARGET = 16.0;
				LD_RUNPATH_SEARCH_PATHS = (
					"$(inherited)",
					"@executable_path/Frameworks",
				);
				MARKETING_VERSION = 1.0.0;
				PRODUCT_BUNDLE_IDENTIFIER = com.loctq.articulearn;
				PRODUCT_NAME = "$(TARGET_NAME)";
				SUPPORTED_PLATFORMS = "iphoneos iphonesimulator";
				SUPPORTS_MACCATALYST = NO;
				SUPPORTS_MAC_DESIGNED_FOR_IPHONE_IPAD = NO;
				SWIFT_EMIT_LOC_STRINGS = YES;
				SWIFT_VERSION = 5.0;
				TARGETED_DEVICE_FAMILY = 1;
			};
			name = Debug;
		};
		045DB7C52B2057A300AB8623 /* Release */ = {
			isa = XCBuildConfiguration;
			baseConfigurationReference = 27159799F7BC29FB9ACF2B43 /* Pods-ArticuLearn.release.xcconfig */;
			buildSettings = {
				ASSETCATALOG_COMPILER_APPICON_NAME = AppIcon;
				ASSETCATALOG_COMPILER_GLOBAL_ACCENT_COLOR_NAME = AccentColor;
				CODE_SIGN_STYLE = Automatic;
				CURRENT_PROJECT_VERSION = 1;
				DEVELOPMENT_TEAM = 4XB4SZ6RM3;
				GENERATE_INFOPLIST_FILE = YES;
				GOOGLE_CLOUD_API_KEY = AIzaSyCVLgo35IMfBLOZ_dcQ75DiXnDmZ8h9CAk;
				INFOPLIST_FILE = "ArticuLearn/Supporting Files/Info.plist";
				INFOPLIST_KEY_UIApplicationSupportsIndirectInputEvents = YES;
				INFOPLIST_KEY_UILaunchStoryboardName = LaunchScreen;
				INFOPLIST_KEY_UIMainStoryboardFile = Main;
				INFOPLIST_KEY_UISupportedInterfaceOrientations = UIInterfaceOrientationPortrait;
				INFOPLIST_KEY_UISupportedInterfaceOrientations_iPad = "UIInterfaceOrientationLandscapeLeft UIInterfaceOrientationLandscapeRight UIInterfaceOrientationPortrait UIInterfaceOrientationPortraitUpsideDown";
				IPHONEOS_DEPLOYMENT_TARGET = 16.0;
				LD_RUNPATH_SEARCH_PATHS = (
					"$(inherited)",
					"@executable_path/Frameworks",
				);
				MARKETING_VERSION = 1.0.0;
				PRODUCT_BUNDLE_IDENTIFIER = com.loctq.articulearn;
				PRODUCT_NAME = "$(TARGET_NAME)";
				SUPPORTED_PLATFORMS = "iphoneos iphonesimulator";
				SUPPORTS_MACCATALYST = NO;
				SUPPORTS_MAC_DESIGNED_FOR_IPHONE_IPAD = NO;
				SWIFT_EMIT_LOC_STRINGS = YES;
				SWIFT_VERSION = 5.0;
				TARGETED_DEVICE_FAMILY = 1;
			};
			name = Release;
		};
/* End XCBuildConfiguration section */

/* Begin XCConfigurationList section */
		045DB7AA2B2057A200AB8623 /* Build configuration list for PBXProject "ArticuLearn" */ = {
			isa = XCConfigurationList;
			buildConfigurations = (
				045DB7C12B2057A300AB8623 /* Debug */,
				045DB7C22B2057A300AB8623 /* Release */,
			);
			defaultConfigurationIsVisible = 0;
			defaultConfigurationName = Release;
		};
		045DB7C32B2057A300AB8623 /* Build configuration list for PBXNativeTarget "ArticuLearn" */ = {
			isa = XCConfigurationList;
			buildConfigurations = (
				045DB7C42B2057A300AB8623 /* Debug */,
				045DB7C52B2057A300AB8623 /* Release */,
			);
			defaultConfigurationIsVisible = 0;
			defaultConfigurationName = Release;
		};
/* End XCConfigurationList section */
	};
	rootObject = 045DB7A72B2057A200AB8623 /* Project object */;
}
